
Microsoft Visual Studio Solution File, Format Version 12.00
# Visual Studio Version 17
VisualStudioVersion = 17.4.33213.308
MinimumVisualStudioVersion = 10.0.40219.1
Project("{FAE04EC0-301F-11D3-BF4B-00C04F79EFBC}") = "Inheritence", "Inheritence.csproj", "{C97782C1-02F0-4976-B90B-B6771E7D263F}"
EndProject
Global
	GlobalSection(SolutionConfigurationPlatforms) = preSolution
		Debug|Any CPU = Debug|Any CPU
		Release|Any CPU = Release|Any CPU
	EndGlobalSection
	GlobalSection(ProjectConfigurationPlatforms) = postSolution
		{C97782C1-02F0-4976-B90B-B6771E7D263F}.Debug|Any CPU.ActiveCfg = Debug|Any CPU
		{C97782C1-02F0-4976-B90B-B6771E7D263F}.Debug|Any CPU.Build.0 = Debug|Any CPU
		{C97782C1-02F0-4976-B90B-B6771E7D263F}.Release|Any CPU.ActiveCfg = Release|Any CPU
		{C97782C1-02F0-4976-B90B-B6771E7D263F}.Release|Any CPU.Build.0 = Release|Any CPU
	EndGlobalSection
	GlobalSection(SolutionProperties) = preSolution
		HideSolutionNode = FALSE
	EndGlobalSection
	GlobalSection(ExtensibilityGlobals) = postSolution
		SolutionGuid = {2924532D-8D34-4244-A496-CFFA4E44F10B}
	EndGlobalSection
EndGlobal
